
Microsoft Visual Studio Solution File, Format Version 12.00
# Visual Studio 2017
Project("{FAE04EC0-301F-11D3-BF4B-00C04F79EFBC}") = "v0.1.0.Plugins", "v0.1.0.Plugins.csproj", "{C193B142-814E-D44F-CCBB-3F1EB5661683}"
EndProject
Project("{FAE04EC0-301F-11D3-BF4B-00C04F79EFBC}") = "v0.1.0", "v0.1.0.csproj", "{AD58398D-3E52-48BD-774B-85E77F389C18}"
EndProject
Project("{FAE04EC0-301F-11D3-BF4B-00C04F79EFBC}") = "v0.1.0.Editor.Plugins", "v0.1.0.Editor.Plugins.csproj", "{A97E8D36-31CB-5FBA-592E-94DB5B644EA6}"
EndProject
Global
	GlobalSection(SolutionConfigurationPlatforms) = preSolution
		Debug|Any CPU = Debug|Any CPU
		Release|Any CPU = Release|Any CPU
	EndGlobalSection
	GlobalSection(ProjectConfigurationPlatforms) = postSolution
		{C193B142-814E-D44F-CCBB-3F1EB5661683}.Debug|Any CPU.ActiveCfg = Debug|Any CPU
		{C193B142-814E-D44F-CCBB-3F1EB5661683}.Debug|Any CPU.Build.0 = Debug|Any CPU
		{C193B142-814E-D44F-CCBB-3F1EB5661683}.Release|Any CPU.ActiveCfg = Release|Any CPU
		{C193B142-814E-D44F-CCBB-3F1EB5661683}.Release|Any CPU.Build.0 = Release|Any CPU
		{AD58398D-3E52-48BD-774B-85E77F389C18}.Debug|Any CPU.ActiveCfg = Debug|Any CPU
		{AD58398D-3E52-48BD-774B-85E77F389C18}.Debug|Any CPU.Build.0 = Debug|Any CPU
		{AD58398D-3E52-48BD-774B-85E77F389C18}.Release|Any CPU.ActiveCfg = Release|Any CPU
		{AD58398D-3E52-48BD-774B-85E77F389C18}.Release|Any CPU.Build.0 = Release|Any CPU
		{A97E8D36-31CB-5FBA-592E-94DB5B644EA6}.Debug|Any CPU.ActiveCfg = Debug|Any CPU
		{A97E8D36-31CB-5FBA-592E-94DB5B644EA6}.Debug|Any CPU.Build.0 = Debug|Any CPU
		{A97E8D36-31CB-5FBA-592E-94DB5B644EA6}.Release|Any CPU.ActiveCfg = Release|Any CPU
		{A97E8D36-31CB-5FBA-592E-94DB5B644EA6}.Release|Any CPU.Build.0 = Release|Any CPU
	EndGlobalSection
	GlobalSection(SolutionProperties) = preSolution
		HideSolutionNode = FALSE
	EndGlobalSection
EndGlobal
